
Microsoft Visual Studio Solution File, Format Version 12.00
# Visual Studio Version 16
VisualStudioVersion = 16.0.31410.357
MinimumVisualStudioVersion = 10.0.40219.1
Project("{FAE04EC0-301F-11D3-BF4B-00C04F79EFBC}") = "CameraShop", "CameraShop\CameraShop.csproj", "{9E067676-9743-4B97-8083-3FA005C2CC95}"
EndProject
Global
	GlobalSection(SolutionConfigurationPlatforms) = preSolution
		Debug|Any CPU = Debug|Any CPU
		Release|Any CPU = Release|Any CPU
	EndGlobalSection
	GlobalSection(ProjectConfigurationPlatforms) = postSolution
		{9E067676-9743-4B97-8083-3FA005C2CC95}.Debug|Any CPU.ActiveCfg = Debug|Any CPU
		{9E067676-9743-4B97-8083-3FA005C2CC95}.Debug|Any CPU.Build.0 = Debug|Any CPU
		{9E067676-9743-4B97-8083-3FA005C2CC95}.Release|Any CPU.ActiveCfg = Release|Any CPU
		{9E067676-9743-4B97-8083-3FA005C2CC95}.Release|Any CPU.Build.0 = Release|Any CPU
	EndGlobalSection
	GlobalSection(SolutionProperties) = preSolution
		HideSolutionNode = FALSE
	EndGlobalSection
	GlobalSection(ExtensibilityGlobals) = postSolution
		SolutionGuid = {10206FF3-9B20-420E-9A3A-75C7BEEEBC00}
	EndGlobalSection
EndGlobal
